<?xml version="1.0" encoding="utf-8"?>
<Project ToolsVersion="4.0" xmlns="http://schemas.microsoft.com/developer/msbuild/2003">
  <ItemGroup>
    <Filter Include="Исходные файлы">
      <UniqueIdentifier>{4FC737F1-C7A5-4376-A066-2A32D752A2FF}</UniqueIdentifier>
      <Extensions>cpp;c;cc;cxx;c++;def;odl;idl;hpj;bat;asm;asmx</Extensions>
    </Filter>
    <Filter Include="Файлы заголовков">
      <UniqueIdentifier>{93995380-89BD-4b04-88EB-625FBE52EBFB}</UniqueIdentifier>
      <Extensions>h;hh;hpp;hxx;h++;hm;inl;inc;ipp;xsd</Extensions>
    </Filter>
    <Filter Include="Файлы ресурсов">
      <UniqueIdentifier>{67DA6AB6-F800-4c08-8B7A-83BB121AAD01}</UniqueIdentifier>
      <Extensions>rc;ico;cur;bmp;dlg;rc2;rct;bin;rgs;gif;jpg;jpeg;jpe;resx;tiff;tif;png;wav;mfcribbon-ms</Extensions>
    </Filter>
    <Filter Include="Исходные файлы\Utilities">
      <UniqueIdentifier>{82e013d2-99dc-4e7b-8d66-f308d5a9e05e}</UniqueIdentifier>
    </Filter>
    <Filter Include="Файлы заголовков\Utilities">
      <UniqueIdentifier>{1d1dcd4d-47b8-4870-a872-9ce4a077cc57}</UniqueIdentifier>
    </Filter>
    <Filter Include="Исходные файлы\Data">
      <UniqueIdentifier>{37d2c96c-424e-4bcd-add5-2a0e777a69ed}</UniqueIdentifier>
    </Filter>
  </ItemGroup>
  <ItemGroup>
    <ClCompile Include="MpiMatrixMultiplication.cpp">
      <Filter>Исходные файлы</Filter>
    </ClCompile>
    <ClCompile Include="Utilities\InputUtilities.cpp">
      <Filter>Исходные файлы\Utilities</Filter>
    </ClCompile>
    <ClCompile Include="Utilities\MatrixUtilitiescpp.cpp">
      <Filter>Исходные файлы\Utilities</Filter>
    </ClCompile>
  </ItemGroup>
  <ItemGroup>
    <None Include="Data\EntryMatrixDouble1.dat">
      <Filter>Исходные файлы\Data</Filter>
    </None>
    <None Include="Data\EntryMatrixDouble2.dat">
      <Filter>Исходные файлы\Data</Filter>
    </None>
  </ItemGroup>
  <ItemGroup>
    <ClInclude Include="Utilities\InputUtilities.h">
      <Filter>Файлы заголовков\Utilities</Filter>
    </ClInclude>
    <ClInclude Include="Utilities\MatrixUtilities.h">
      <Filter>Файлы заголовков\Utilities</Filter>
    </ClInclude>
  </ItemGroup>
</Project>